
Microsoft Visual Studio Solution File, Format Version 12.00
# Visual Studio Version 17
VisualStudioVersion = 17.11.35327.3
MinimumVisualStudioVersion = 10.0.40219.1
Project("{00D1A9C2-B5F0-4AF3-8072-F6C62B433612}") = "Sales Production Project", "Sales Production Project.sqlproj", "{950ABF09-F820-40EF-B052-8015FF42AEA8}"
EndProject
Global
	GlobalSection(SolutionConfigurationPlatforms) = preSolution
		Debug|Any CPU = Debug|Any CPU
		Release|Any CPU = Release|Any CPU
	EndGlobalSection
	GlobalSection(ProjectConfigurationPlatforms) = postSolution
		{950ABF09-F820-40EF-B052-8015FF42AEA8}.Debug|Any CPU.ActiveCfg = Debug|Any CPU
		{950ABF09-F820-40EF-B052-8015FF42AEA8}.Debug|Any CPU.Build.0 = Debug|Any CPU
		{950ABF09-F820-40EF-B052-8015FF42AEA8}.Debug|Any CPU.Deploy.0 = Debug|Any CPU
		{950ABF09-F820-40EF-B052-8015FF42AEA8}.Release|Any CPU.ActiveCfg = Release|Any CPU
		{950ABF09-F820-40EF-B052-8015FF42AEA8}.Release|Any CPU.Build.0 = Release|Any CPU
		{950ABF09-F820-40EF-B052-8015FF42AEA8}.Release|Any CPU.Deploy.0 = Release|Any CPU
	EndGlobalSection
	GlobalSection(SolutionProperties) = preSolution
		HideSolutionNode = FALSE
	EndGlobalSection
	GlobalSection(ExtensibilityGlobals) = postSolution
		SolutionGuid = {28CEC798-1A62-48C6-8468-53F23542727E}
	EndGlobalSection
EndGlobal
